// !$*UTF8*$!
{
	archiveVersion = 1;
	classes = {
	};
	objectVersion = 46;
	objects = {

/* Begin PBXBuildFile section */
		7C688FA81884C64F006B576D /* Foundation.framework in Frameworks */ = {isa = PBXBuildFile; fileRef = 7C688FA71884C64F006B576D /* Foundation.framework */; };
		7C688FAA1884C64F006B576D /* CoreGraphics.framework in Frameworks */ = {isa = PBXBuildFile; fileRef = 7C688FA91884C64F006B576D /* CoreGraphics.framework */; };
		7C688FAC1884C64F006B576D /* UIKit.framework in Frameworks */ = {isa = PBXBuildFile; fileRef = 7C688FAB1884C64F006B576D /* UIKit.framework */; };
		7C688FB21884C64F006B576D /* InfoPlist.strings in Resources */ = {isa = PBXBuildFile; fileRef = 7C688FB01884C64F006B576D /* InfoPlist.strings */; };
		7C688FB41884C64F006B576D /* main.m in Sources */ = {isa = PBXBuildFile; fileRef = 7C688FB31884C64F006B576D /* main.m */; };
		7C688FB81884C64F006B576D /* VSAppDelegate.m in Sources */ = {isa = PBXBuildFile; fileRef = 7C688FB71884C64F006B576D /* VSAppDelegate.m */; };
		7C688FBB1884C64F006B576D /* Main_iPhone.storyboard in Resources */ = {isa = PBXBuildFile; fileRef = 7C688FB91884C64F006B576D /* Main_iPhone.storyboard */; };
		7C688FBE1884C64F006B576D /* Main_iPad.storyboard in Resources */ = {isa = PBXBuildFile; fileRef = 7C688FBC1884C64F006B576D /* Main_iPad.storyboard */; };
		7C688FC11884C64F006B576D /* VSViewController.m in Sources */ = {isa = PBXBuildFile; fileRef = 7C688FC01884C64F006B576D /* VSViewController.m */; };
		7C688FC31884C64F006B576D /* Images.xcassets in Resources */ = {isa = PBXBuildFile; fileRef = 7C688FC21884C64F006B576D /* Images.xcassets */; };
		7C688FE51885B3C7006B576D /* img 0.png in Resources */ = {isa = PBXBuildFile; fileRef = 7C688FE41885B3C7006B576D /* img 0.png */; };
		7C855AAA18A01C0700FE0CFA /* CGPointExtension.m in Sources */ = {isa = PBXBuildFile; fileRef = 7C855AA118A01C0700FE0CFA /* CGPointExtension.m */; };
		7C855AAB18A01C0700FE0CFA /* iCarousel.m in Sources */ = {isa = PBXBuildFile; fileRef = 7C855AA418A01C0700FE0CFA /* iCarousel.m */; };
		7C855AAC18A01C0700FE0CFA /* VotingStackView.m in Sources */ = {isa = PBXBuildFile; fileRef = 7C855AA618A01C0700FE0CFA /* VotingStackView.m */; };
		7C855AAD18A01C0700FE0CFA /* XYPieChart.m in Sources */ = {isa = PBXBuildFile; fileRef = 7C855AA918A01C0700FE0CFA /* XYPieChart.m */; };
		7CB7BAB6188F3B14004EBC62 /* CoreMotion.framework in Frameworks */ = {isa = PBXBuildFile; fileRef = 7CB7BAB5188F3B14004EBC62 /* CoreMotion.framework */; };
		7CC46D1218889117006E2AA8 /* img 12.png in Resources */ = {isa = PBXBuildFile; fileRef = 7CC46D0C18889117006E2AA8 /* img 12.png */; };
		7CC46D1318889117006E2AA8 /* img 8.png in Resources */ = {isa = PBXBuildFile; fileRef = 7CC46D0D18889117006E2AA8 /* img 8.png */; };
		7CC46D1418889117006E2AA8 /* img 9.png in Resources */ = {isa = PBXBuildFile; fileRef = 7CC46D0E18889117006E2AA8 /* img 9.png */; };
		7CC46D1518889117006E2AA8 /* img 10.png in Resources */ = {isa = PBXBuildFile; fileRef = 7CC46D0F18889117006E2AA8 /* img 10.png */; };
		7CC46D1618889117006E2AA8 /* img 11.png in Resources */ = {isa = PBXBuildFile; fileRef = 7CC46D1018889117006E2AA8 /* img 11.png */; };
		7CC46D1718889117006E2AA8 /* img 7.png in Resources */ = {isa = PBXBuildFile; fileRef = 7CC46D1118889117006E2AA8 /* img 7.png */; };
		EE3040C21887ADB800CB89F3 /* img 1.png in Resources */ = {isa = PBXBuildFile; fileRef = EE3040BC1887ADB800CB89F3 /* img 1.png */; };
		EE3040C31887ADB800CB89F3 /* img 2.png in Resources */ = {isa = PBXBuildFile; fileRef = EE3040BD1887ADB800CB89F3 /* img 2.png */; };
		EE3040C41887ADB800CB89F3 /* img 3.png in Resources */ = {isa = PBXBuildFile; fileRef = EE3040BE1887ADB800CB89F3 /* img 3.png */; };
		EE3040C51887ADB800CB89F3 /* img 4.png in Resources */ = {isa = PBXBuildFile; fileRef = EE3040BF1887ADB800CB89F3 /* img 4.png */; };
		EE3040C61887ADB800CB89F3 /* img 5.png in Resources */ = {isa = PBXBuildFile; fileRef = EE3040C01887ADB800CB89F3 /* img 5.png */; };
		EE3040C71887ADB800CB89F3 /* img 6.png in Resources */ = {isa = PBXBuildFile; fileRef = EE3040C11887ADB800CB89F3 /* img 6.png */; };
		EE946407188500E70072D96C /* QuartzCore.framework in Frameworks */ = {isa = PBXBuildFile; fileRef = EE946406188500E70072D96C /* QuartzCore.framework */; };
/* End PBXBuildFile section */

/* Begin PBXFileReference section */
		7C688FA41884C64F006B576D /* VotingStack.app */ = {isa = PBXFileReference; explicitFileType = wrapper.application; includeInIndex = 0; path = VotingStack.app; sourceTree = BUILT_PRODUCTS_DIR; };
		7C688FA71884C64F006B576D /* Foundation.framework */ = {isa = PBXFileReference; lastKnownFileType = wrapper.framework; name = Foundation.framework; path = System/Library/Frameworks/Foundation.framework; sourceTree = SDKROOT; };
		7C688FA91884C64F006B576D /* CoreGraphics.framework */ = {isa = PBXFileReference; lastKnownFileType = wrapper.framework; name = CoreGraphics.framework; path = System/Library/Frameworks/CoreGraphics.framework; sourceTree = SDKROOT; };
		7C688FAB1884C64F006B576D /* UIKit.framework */ = {isa = PBXFileReference; lastKnownFileType = wrapper.framework; name = UIKit.framework; path = System/Library/Frameworks/UIKit.framework; sourceTree = SDKROOT; };
		7C688FAF1884C64F006B576D /* VotingStack-Info.plist */ = {isa = PBXFileReference; lastKnownFileType = text.plist.xml; path = "VotingStack-Info.plist"; sourceTree = "<group>"; };
		7C688FB11884C64F006B576D /* en */ = {isa = PBXFileReference; lastKnownFileType = text.plist.strings; name = en; path = en.lproj/InfoPlist.strings; sourceTree = "<group>"; };
		7C688FB31884C64F006B576D /* main.m */ = {isa = PBXFileReference; lastKnownFileType = sourcecode.c.objc; path = main.m; sourceTree = "<group>"; };
		7C688FB51884C64F006B576D /* VotingStack-Prefix.pch */ = {isa = PBXFileReference; lastKnownFileType = sourcecode.c.h; path = "VotingStack-Prefix.pch"; sourceTree = "<group>"; };
		7C688FB61884C64F006B576D /* VSAppDelegate.h */ = {isa = PBXFileReference; lastKnownFileType = sourcecode.c.h; name = VSAppDelegate.h; path = VotingStack/VSAppDelegate.h; sourceTree = "<group>"; };
		7C688FB71884C64F006B576D /* VSAppDelegate.m */ = {isa = PBXFileReference; lastKnownFileType = sourcecode.c.objc; name = VSAppDelegate.m; path = VotingStack/VSAppDelegate.m; sourceTree = "<group>"; };
		7C688FBA1884C64F006B576D /* Base */ = {isa = PBXFileReference; lastKnownFileType = file.storyboard; name = Base; path = Base.lproj/Main_iPhone.storyboard; sourceTree = "<group>"; };
		7C688FBD1884C64F006B576D /* Base */ = {isa = PBXFileReference; lastKnownFileType = file.storyboard; name = Base; path = Base.lproj/Main_iPad.storyboard; sourceTree = "<group>"; };
		7C688FBF1884C64F006B576D /* VSViewController.h */ = {isa = PBXFileReference; lastKnownFileType = sourcecode.c.h; name = VSViewController.h; path = VotingStack/VSViewController.h; sourceTree = "<group>"; };
		7C688FC01884C64F006B576D /* VSViewController.m */ = {isa = PBXFileReference; lastKnownFileType = sourcecode.c.objc; name = VSViewController.m; path = VotingStack/VSViewController.m; sourceTree = "<group>"; };
		7C688FC21884C64F006B576D /* Images.xcassets */ = {isa = PBXFileReference; lastKnownFileType = folder.assetcatalog; name = Images.xcassets; path = VotingStack/Images.xcassets; sourceTree = "<group>"; };
		7C688FC91884C64F006B576D /* XCTest.framework */ = {isa = PBXFileReference; lastKnownFileType = wrapper.framework; name = XCTest.framework; path = Library/Frameworks/XCTest.framework; sourceTree = DEVELOPER_DIR; };
		7C688FE41885B3C7006B576D /* img 0.png */ = {isa = PBXFileReference; lastKnownFileType = image.png; path = "img 0.png"; sourceTree = "<group>"; };
		7C855AA018A01C0700FE0CFA /* CGPointExtension.h */ = {isa = PBXFileReference; fileEncoding = 4; lastKnownFileType = sourcecode.c.h; name = CGPointExtension.h; path = ../../iosVotingStack/CGPointExtension/CGPointExtension.h; sourceTree = SOURCE_ROOT; };
		7C855AA118A01C0700FE0CFA /* CGPointExtension.m */ = {isa = PBXFileReference; fileEncoding = 4; lastKnownFileType = sourcecode.c.objc; name = CGPointExtension.m; path = ../../iosVotingStack/CGPointExtension/CGPointExtension.m; sourceTree = SOURCE_ROOT; };
		7C855AA318A01C0700FE0CFA /* iCarousel.h */ = {isa = PBXFileReference; fileEncoding = 4; lastKnownFileType = sourcecode.c.h; name = iCarousel.h; path = ../../iosVotingStack/iCarousel/iCarousel.h; sourceTree = SOURCE_ROOT; };
		7C855AA418A01C0700FE0CFA /* iCarousel.m */ = {isa = PBXFileReference; fileEncoding = 4; lastKnownFileType = sourcecode.c.objc; name = iCarousel.m; path = ../../iosVotingStack/iCarousel/iCarousel.m; sourceTree = SOURCE_ROOT; };
		7C855AA518A01C0700FE0CFA /* VotingStackView.h */ = {isa = PBXFileReference; fileEncoding = 4; lastKnownFileType = sourcecode.c.h; name = VotingStackView.h; path = ../../iosVotingStack/VotingStackView.h; sourceTree = SOURCE_ROOT; };
		7C855AA618A01C0700FE0CFA /* VotingStackView.m */ = {isa = PBXFileReference; fileEncoding = 4; lastKnownFileType = sourcecode.c.objc; name = VotingStackView.m; path = ../../iosVotingStack/VotingStackView.m; sourceTree = SOURCE_ROOT; };
		7C855AA818A01C0700FE0CFA /* XYPieChart.h */ = {isa = PBXFileReference; fileEncoding = 4; lastKnownFileType = sourcecode.c.h; name = XYPieChart.h; path = ../../iosVotingStack/XYPieChart/XYPieChart.h; sourceTree = SOURCE_ROOT; };
		7C855AA918A01C0700FE0CFA /* XYPieChart.m */ = {isa = PBXFileReference; fileEncoding = 4; lastKnownFileType = sourcecode.c.objc; name = XYPieChart.m; path = ../../iosVotingStack/XYPieChart/XYPieChart.m; sourceTree = SOURCE_ROOT; };
		7CB7BAB5188F3B14004EBC62 /* CoreMotion.framework */ = {isa = PBXFileReference; lastKnownFileType = wrapper.framework; name = CoreMotion.framework; path = System/Library/Frameworks/CoreMotion.framework; sourceTree = SDKROOT; };
		7CC46D0C18889117006E2AA8 /* img 12.png */ = {isa = PBXFileReference; lastKnownFileType = image.png; path = "img 12.png"; sourceTree = "<group>"; };
		7CC46D0D18889117006E2AA8 /* img 8.png */ = {isa = PBXFileReference; lastKnownFileType = image.png; path = "img 8.png"; sourceTree = "<group>"; };
		7CC46D0E18889117006E2AA8 /* img 9.png */ = {isa = PBXFileReference; lastKnownFileType = image.png; path = "img 9.png"; sourceTree = "<group>"; };
		7CC46D0F18889117006E2AA8 /* img 10.png */ = {isa = PBXFileReference; lastKnownFileType = image.png; path = "img 10.png"; sourceTree = "<group>"; };
		7CC46D1018889117006E2AA8 /* img 11.png */ = {isa = PBXFileReference; lastKnownFileType = image.png; path = "img 11.png"; sourceTree = "<group>"; };
		7CC46D1118889117006E2AA8 /* img 7.png */ = {isa = PBXFileReference; lastKnownFileType = image.png; path = "img 7.png"; sourceTree = "<group>"; };
		7CC6235F189335550040624C /* selection.gif */ = {isa = PBXFileReference; lastKnownFileType = image.gif; path = selection.gif; sourceTree = "<group>"; };
		7CD403701896DD4100CA37DB /* votingStackView-Info.plist */ = {isa = PBXFileReference; lastKnownFileType = text.plist.xml; path = "votingStackView-Info.plist"; sourceTree = "<group>"; };
		7CD403721896DD4100CA37DB /* en */ = {isa = PBXFileReference; lastKnownFileType = text.plist.strings; name = en; path = en.lproj/InfoPlist.strings; sourceTree = "<group>"; };
		7CD403741896DD4100CA37DB /* votingStackView-Prefix.pch */ = {isa = PBXFileReference; lastKnownFileType = sourcecode.c.h; path = "votingStackView-Prefix.pch"; sourceTree = "<group>"; };
		EE3040BC1887ADB800CB89F3 /* img 1.png */ = {isa = PBXFileReference; lastKnownFileType = image.png; path = "img 1.png"; sourceTree = "<group>"; };
		EE3040BD1887ADB800CB89F3 /* img 2.png */ = {isa = PBXFileReference; lastKnownFileType = image.png; path = "img 2.png"; sourceTree = "<group>"; };
		EE3040BE1887ADB800CB89F3 /* img 3.png */ = {isa = PBXFileReference; lastKnownFileType = image.png; path = "img 3.png"; sourceTree = "<group>"; };
		EE3040BF1887ADB800CB89F3 /* img 4.png */ = {isa = PBXFileReference; lastKnownFileType = image.png; path = "img 4.png"; sourceTree = "<group>"; };
		EE3040C01887ADB800CB89F3 /* img 5.png */ = {isa = PBXFileReference; lastKnownFileType = image.png; path = "img 5.png"; sourceTree = "<group>"; };
		EE3040C11887ADB800CB89F3 /* img 6.png */ = {isa = PBXFileReference; lastKnownFileType = image.png; path = "img 6.png"; sourceTree = "<group>"; };
		EE946406188500E70072D96C /* QuartzCore.framework */ = {isa = PBXFileReference; lastKnownFileType = wrapper.framework; name = QuartzCore.framework; path = System/Library/Frameworks/QuartzCore.framework; sourceTree = SDKROOT; };
/* End PBXFileReference section */

/* Begin PBXFrameworksBuildPhase section */
		7C688FA11884C64F006B576D /* Frameworks */ = {
			isa = PBXFrameworksBuildPhase;
			buildActionMask = 2147483647;
			files = (
				7CB7BAB6188F3B14004EBC62 /* CoreMotion.framework in Frameworks */,
				EE946407188500E70072D96C /* QuartzCore.framework in Frameworks */,
				7C688FAA1884C64F006B576D /* CoreGraphics.framework in Frameworks */,
				7C688FAC1884C64F006B576D /* UIKit.framework in Frameworks */,
				7C688FA81884C64F006B576D /* Foundation.framework in Frameworks */,
			);
			runOnlyForDeploymentPostprocessing = 0;
		};
/* End PBXFrameworksBuildPhase section */

/* Begin PBXGroup section */
		7C688F9B1884C64F006B576D = {
			isa = PBXGroup;
			children = (
				7C855A9E18A01C0700FE0CFA /* iosVotingStack */,
				7CC6235E189334450040624C /* Documention */,
				7C688FDF1884C69B006B576D /* DevelopmentFiles */,
				7CD4036E1896DD4100CA37DB /* votingStackView */,
				7C688FA61884C64F006B576D /* Frameworks */,
				7C688FA51884C64F006B576D /* Products */,
			);
			sourceTree = "<group>";
		};
		7C688FA51884C64F006B576D /* Products */ = {
			isa = PBXGroup;
			children = (
				7C688FA41884C64F006B576D /* VotingStack.app */,
			);
			name = Products;
			sourceTree = "<group>";
		};
		7C688FA61884C64F006B576D /* Frameworks */ = {
			isa = PBXGroup;
			children = (
				7CB7BAB5188F3B14004EBC62 /* CoreMotion.framework */,
				EE946406188500E70072D96C /* QuartzCore.framework */,
				7C688FA71884C64F006B576D /* Foundation.framework */,
				7C688FA91884C64F006B576D /* CoreGraphics.framework */,
				7C688FAB1884C64F006B576D /* UIKit.framework */,
				7C688FC91884C64F006B576D /* XCTest.framework */,
			);
			name = Frameworks;
			sourceTree = "<group>";
		};
		7C688FAE1884C64F006B576D /* Supporting Files */ = {
			isa = PBXGroup;
			children = (
				7C688FAF1884C64F006B576D /* VotingStack-Info.plist */,
				7C688FB01884C64F006B576D /* InfoPlist.strings */,
				7C688FB31884C64F006B576D /* main.m */,
				7C688FB51884C64F006B576D /* VotingStack-Prefix.pch */,
			);
			name = "Supporting Files";
			path = VotingStack;
			sourceTree = "<group>";
		};
		7C688FDF1884C69B006B576D /* DevelopmentFiles */ = {
			isa = PBXGroup;
			children = (
				7CC46D0C18889117006E2AA8 /* img 12.png */,
				7CC46D0D18889117006E2AA8 /* img 8.png */,
				7CC46D0E18889117006E2AA8 /* img 9.png */,
				7CC46D0F18889117006E2AA8 /* img 10.png */,
				7CC46D1018889117006E2AA8 /* img 11.png */,
				7CC46D1118889117006E2AA8 /* img 7.png */,
				EE3040BC1887ADB800CB89F3 /* img 1.png */,
				EE3040BD1887ADB800CB89F3 /* img 2.png */,
				EE3040BE1887ADB800CB89F3 /* img 3.png */,
				EE3040BF1887ADB800CB89F3 /* img 4.png */,
				EE3040C01887ADB800CB89F3 /* img 5.png */,
				EE3040C11887ADB800CB89F3 /* img 6.png */,
				7C688FE41885B3C7006B576D /* img 0.png */,
				7C688FB61884C64F006B576D /* VSAppDelegate.h */,
				7C688FB71884C64F006B576D /* VSAppDelegate.m */,
				7C688FB91884C64F006B576D /* Main_iPhone.storyboard */,
				7C688FBC1884C64F006B576D /* Main_iPad.storyboard */,
				7C688FBF1884C64F006B576D /* VSViewController.h */,
				7C688FC01884C64F006B576D /* VSViewController.m */,
				7C688FC21884C64F006B576D /* Images.xcassets */,
				7C688FAE1884C64F006B576D /* Supporting Files */,
			);
			name = DevelopmentFiles;
			sourceTree = "<group>";
		};
		7C855A9E18A01C0700FE0CFA /* iosVotingStack */ = {
			isa = PBXGroup;
			children = (
				7C855A9F18A01C0700FE0CFA /* CGPointExtension */,
				7C855AA218A01C0700FE0CFA /* iCarousel */,
				7C855AA518A01C0700FE0CFA /* VotingStackView.h */,
				7C855AA618A01C0700FE0CFA /* VotingStackView.m */,
				7C855AA718A01C0700FE0CFA /* XYPieChart */,
			);
			name = iosVotingStack;
			path = ../../iosVotingStack;
			sourceTree = "<group>";
		};
		7C855A9F18A01C0700FE0CFA /* CGPointExtension */ = {
			isa = PBXGroup;
			children = (
				7C855AA018A01C0700FE0CFA /* CGPointExtension.h */,
				7C855AA118A01C0700FE0CFA /* CGPointExtension.m */,
			);
			path = CGPointExtension;
			sourceTree = "<group>";
		};
		7C855AA218A01C0700FE0CFA /* iCarousel */ = {
			isa = PBXGroup;
			children = (
				7C855AA318A01C0700FE0CFA /* iCarousel.h */,
				7C855AA418A01C0700FE0CFA /* iCarousel.m */,
			);
			path = iCarousel;
			sourceTree = "<group>";
		};
		7C855AA718A01C0700FE0CFA /* XYPieChart */ = {
			isa = PBXGroup;
			children = (
				7C855AA818A01C0700FE0CFA /* XYPieChart.h */,
				7C855AA918A01C0700FE0CFA /* XYPieChart.m */,
			);
			path = XYPieChart;
			sourceTree = "<group>";
		};
		7CC6235E189334450040624C /* Documention */ = {
			isa = PBXGroup;
			children = (
				7CC6235F189335550040624C /* selection.gif */,
			);
			name = Documention;
			sourceTree = "<group>";
		};
		7CD4036E1896DD4100CA37DB /* votingStackView */ = {
			isa = PBXGroup;
			children = (
				7CD4036F1896DD4100CA37DB /* Supporting Files */,
			);
			path = votingStackView;
			sourceTree = "<group>";
		};
		7CD4036F1896DD4100CA37DB /* Supporting Files */ = {
			isa = PBXGroup;
			children = (
				7CD403701896DD4100CA37DB /* votingStackView-Info.plist */,
				7CD403711896DD4100CA37DB /* InfoPlist.strings */,
				7CD403741896DD4100CA37DB /* votingStackView-Prefix.pch */,
			);
			name = "Supporting Files";
			sourceTree = "<group>";
		};
/* End PBXGroup section */

/* Begin PBXNativeTarget section */
		7C688FA31884C64F006B576D /* VotingStack */ = {
			isa = PBXNativeTarget;
			buildConfigurationList = 7C688FD91884C64F006B576D /* Build configuration list for PBXNativeTarget "VotingStack" */;
			buildPhases = (
				7C688FA01884C64F006B576D /* Sources */,
				7C688FA11884C64F006B576D /* Frameworks */,
				7C688FA21884C64F006B576D /* Resources */,
			);
			buildRules = (
			);
			dependencies = (
			);
			name = VotingStack;
			productName = VotingStack;
			productReference = 7C688FA41884C64F006B576D /* VotingStack.app */;
			productType = "com.apple.product-type.application";
		};
/* End PBXNativeTarget section */

/* Begin PBXProject section */
		7C688F9C1884C64F006B576D /* Project object */ = {
			isa = PBXProject;
			attributes = {
				CLASSPREFIX = VS;
				LastUpgradeCheck = 0500;
				ORGANIZATIONNAME = Tagged;
			};
			buildConfigurationList = 7C688F9F1884C64F006B576D /* Build configuration list for PBXProject "VotingStack" */;
			compatibilityVersion = "Xcode 3.2";
			developmentRegion = English;
			hasScannedForEncodings = 0;
			knownRegions = (
				en,
				Base,
			);
			mainGroup = 7C688F9B1884C64F006B576D;
			productRefGroup = 7C688FA51884C64F006B576D /* Products */;
			projectDirPath = "";
			projectRoot = "";
			targets = (
				7C688FA31884C64F006B576D /* VotingStack */,
			);
		};
/* End PBXProject section */

/* Begin PBXResourcesBuildPhase section */
		7C688FA21884C64F006B576D /* Resources */ = {
			isa = PBXResourcesBuildPhase;
			buildActionMask = 2147483647;
			files = (
				EE3040C71887ADB800CB89F3 /* img 6.png in Resources */,
				7CC46D1218889117006E2AA8 /* img 12.png in Resources */,
				EE3040C61887ADB800CB89F3 /* img 5.png in Resources */,
				7C688FBE1884C64F006B576D /* Main_iPad.storyboard in Resources */,
				7CC46D1418889117006E2AA8 /* img 9.png in Resources */,
				7CC46D1718889117006E2AA8 /* img 7.png in Resources */,
				7C688FC31884C64F006B576D /* Images.xcassets in Resources */,
				7CC46D1518889117006E2AA8 /* img 10.png in Resources */,
				EE3040C21887ADB800CB89F3 /* img 1.png in Resources */,
				7C688FE51885B3C7006B576D /* img 0.png in Resources */,
				EE3040C41887ADB800CB89F3 /* img 3.png in Resources */,
				EE3040C31887ADB800CB89F3 /* img 2.png in Resources */,
				7CC46D1318889117006E2AA8 /* img 8.png in Resources */,
				7CC46D1618889117006E2AA8 /* img 11.png in Resources */,
				7C688FBB1884C64F006B576D /* Main_iPhone.storyboard in Resources */,
				7C688FB21884C64F006B576D /* InfoPlist.strings in Resources */,
				EE3040C51887ADB800CB89F3 /* img 4.png in Resources */,
			);
			runOnlyForDeploymentPostprocessing = 0;
		};
/* End PBXResourcesBuildPhase section */

/* Begin PBXSourcesBuildPhase section */
		7C688FA01884C64F006B576D /* Sources */ = {
			isa = PBXSourcesBuildPhase;
			buildActionMask = 2147483647;
			files = (
				7C688FC11884C64F006B576D /* VSViewController.m in Sources */,
				7C855AAB18A01C0700FE0CFA /* iCarousel.m in Sources */,
				7C855AAC18A01C0700FE0CFA /* VotingStackView.m in Sources */,
				7C688FB41884C64F006B576D /* main.m in Sources */,
				7C855AAA18A01C0700FE0CFA /* CGPointExtension.m in Sources */,
				7C855AAD18A01C0700FE0CFA /* XYPieChart.m in Sources */,
				7C688FB81884C64F006B576D /* VSAppDelegate.m in Sources */,
			);
			runOnlyForDeploymentPostprocessing = 0;
		};
/* End PBXSourcesBuildPhase section */

/* Begin PBXVariantGroup section */
		7C688FB01884C64F006B576D /* InfoPlist.strings */ = {
			isa = PBXVariantGroup;
			children = (
				7C688FB11884C64F006B576D /* en */,
			);
			name = InfoPlist.strings;
			sourceTree = "<group>";
		};
		7C688FB91884C64F006B576D /* Main_iPhone.storyboard */ = {
			isa = PBXVariantGroup;
			children = (
				7C688FBA1884C64F006B576D /* Base */,
			);
			name = Main_iPhone.storyboard;
			path = VotingStack;
			sourceTree = "<group>";
		};
		7C688FBC1884C64F006B576D /* Main_iPad.storyboard */ = {
			isa = PBXVariantGroup;
			children = (
				7C688FBD1884C64F006B576D /* Base */,
			);
			name = Main_iPad.storyboard;
			path = VotingStack;
			sourceTree = "<group>";
		};
		7CD403711896DD4100CA37DB /* InfoPlist.strings */ = {
			isa = PBXVariantGroup;
			children = (
				7CD403721896DD4100CA37DB /* en */,
			);
			name = InfoPlist.strings;
			sourceTree = "<group>";
		};
/* End PBXVariantGroup section */

/* Begin XCBuildConfiguration section */
		7C688FD71884C64F006B576D /* Debug */ = {
			isa = XCBuildConfiguration;
			buildSettings = {
				ALWAYS_SEARCH_USER_PATHS = NO;
				ARCHS = "$(ARCHS_STANDARD_INCLUDING_64_BIT)";
				CLANG_CXX_LANGUAGE_STANDARD = "gnu++0x";
				CLANG_CXX_LIBRARY = "libc++";
				CLANG_ENABLE_MODULES = YES;
				CLANG_ENABLE_OBJC_ARC = YES;
				CLANG_WARN_BOOL_CONVERSION = YES;
				CLANG_WARN_CONSTANT_CONVERSION = YES;
				CLANG_WARN_DIRECT_OBJC_ISA_USAGE = YES_ERROR;
				CLANG_WARN_EMPTY_BODY = YES;
				CLANG_WARN_ENUM_CONVERSION = YES;
				CLANG_WARN_INT_CONVERSION = YES;
				CLANG_WARN_OBJC_ROOT_CLASS = YES_ERROR;
				CLANG_WARN__DUPLICATE_METHOD_MATCH = YES;
				"CODE_SIGN_IDENTITY[sdk=iphoneos*]" = "iPhone Developer";
				COPY_PHASE_STRIP = NO;
				GCC_C_LANGUAGE_STANDARD = gnu99;
				GCC_DYNAMIC_NO_PIC = NO;
				GCC_OPTIMIZATION_LEVEL = 0;
				GCC_PREPROCESSOR_DEFINITIONS = (
					"DEBUG=1",
					"$(inherited)",
				);
				GCC_SYMBOLS_PRIVATE_EXTERN = NO;
				GCC_WARN_64_TO_32_BIT_CONVERSION = YES;
				GCC_WARN_ABOUT_RETURN_TYPE = YES_ERROR;
				GCC_WARN_UNDECLARED_SELECTOR = YES;
				GCC_WARN_UNINITIALIZED_AUTOS = YES;
				GCC_WARN_UNUSED_FUNCTION = YES;
				GCC_WARN_UNUSED_VARIABLE = YES;
				IPHONEOS_DEPLOYMENT_TARGET = 7.0;
				ONLY_ACTIVE_ARCH = YES;
				SDKROOT = iphoneos;
				TARGETED_DEVICE_FAMILY = "1,2";
			};
			name = Debug;
		};
		7C688FD81884C64F006B576D /* Release */ = {
			isa = XCBuildConfiguration;
			buildSettings = {
				ALWAYS_SEARCH_USER_PATHS = NO;
				ARCHS = "$(ARCHS_STANDARD_INCLUDING_64_BIT)";
				CLANG_CXX_LANGUAGE_STANDARD = "gnu++0x";
				CLANG_CXX_LIBRARY = "libc++";
				CLANG_ENABLE_MODULES = YES;
				CLANG_ENABLE_OBJC_ARC = YES;
				CLANG_WARN_BOOL_CONVERSION = YES;
				CLANG_WARN_CONSTANT_CONVERSION = YES;
				CLANG_WARN_DIRECT_OBJC_ISA_USAGE = YES_ERROR;
				CLANG_WARN_EMPTY_BODY = YES;
				CLANG_WARN_ENUM_CONVERSION = YES;
				CLANG_WARN_INT_CONVERSION = YES;
				CLANG_WARN_OBJC_ROOT_CLASS = YES_ERROR;
				CLANG_WARN__DUPLICATE_METHOD_MATCH = YES;
				"CODE_SIGN_IDENTITY[sdk=iphoneos*]" = "iPhone Developer";
				COPY_PHASE_STRIP = YES;
				ENABLE_NS_ASSERTIONS = NO;
				GCC_C_LANGUAGE_STANDARD = gnu99;
				GCC_WARN_64_TO_32_BIT_CONVERSION = YES;
				GCC_WARN_ABOUT_RETURN_TYPE = YES_ERROR;
				GCC_WARN_UNDECLARED_SELECTOR = YES;
				GCC_WARN_UNINITIALIZED_AUTOS = YES;
				GCC_WARN_UNUSED_FUNCTION = YES;
				GCC_WARN_UNUSED_VARIABLE = YES;
				IPHONEOS_DEPLOYMENT_TARGET = 7.0;
				SDKROOT = iphoneos;
				TARGETED_DEVICE_FAMILY = "1,2";
				VALIDATE_PRODUCT = YES;
			};
			name = Release;
		};
		7C688FDA1884C64F006B576D /* Debug */ = {
			isa = XCBuildConfiguration;
			buildSettings = {
				ASSETCATALOG_COMPILER_APPICON_NAME = AppIcon;
				ASSETCATALOG_COMPILER_LAUNCHIMAGE_NAME = LaunchImage;
				FRAMEWORK_SEARCH_PATHS = (
					"$(inherited)",
					/Users/ydai/Desktop,
					"$(USER_LIBRARY_DIR)/Developer/Xcode/DerivedData/iosVotingStack-fcsrbbbwdmhzewdjafrvfbzuxfhk/Build/Intermediates/ArchiveIntermediates/iosVotingStack/IntermediateBuildFilesPath/UninstalledProducts",
				);
				GCC_PRECOMPILE_PREFIX_HEADER = YES;
				GCC_PREFIX_HEADER = "VotingStack/VotingStack-Prefix.pch";
				INFOPLIST_FILE = "VotingStack/VotingStack-Info.plist";
				OTHER_LDFLAGS = "-ObjC";
				PRODUCT_NAME = "$(TARGET_NAME)";
				USER_HEADER_SEARCH_PATHS = /;
				WRAPPER_EXTENSION = app;
			};
			name = Debug;
		};
		7C688FDB1884C64F006B576D /* Release */ = {
			isa = XCBuildConfiguration;
			buildSettings = {
				ASSETCATALOG_COMPILER_APPICON_NAME = AppIcon;
				ASSETCATALOG_COMPILER_LAUNCHIMAGE_NAME = LaunchImage;
				FRAMEWORK_SEARCH_PATHS = (
					"$(inherited)",
					/Users/ydai/Desktop,
					"$(USER_LIBRARY_DIR)/Developer/Xcode/DerivedData/iosVotingStack-fcsrbbbwdmhzewdjafrvfbzuxfhk/Build/Intermediates/ArchiveIntermediates/iosVotingStack/IntermediateBuildFilesPath/UninstalledProducts",
				);
				GCC_PRECOMPILE_PREFIX_HEADER = YES;
				GCC_PREFIX_HEADER = "VotingStack/VotingStack-Prefix.pch";
				INFOPLIST_FILE = "VotingStack/VotingStack-Info.plist";
				OTHER_LDFLAGS = "-ObjC";
				PRODUCT_NAME = "$(TARGET_NAME)";
				USER_HEADER_SEARCH_PATHS = /;
				WRAPPER_EXTENSION = app;
			};
			name = Release;
		};
/* End XCBuildConfiguration section */

/* Begin XCConfigurationList section */
		7C688F9F1884C64F006B576D /* Build configuration list for PBXProject "VotingStack" */ = {
			isa = XCConfigurationList;
			buildConfigurations = (
				7C688FD71884C64F006B576D /* Debug */,
				7C688FD81884C64F006B576D /* Release */,
			);
			defaultConfigurationIsVisible = 0;
			defaultConfigurationName = Release;
		};
		7C688FD91884C64F006B576D /* Build configuration list for PBXNativeTarget "VotingStack" */ = {
			isa = XCConfigurationList;
			buildConfigurations = (
				7C688FDA1884C64F006B576D /* Debug */,
				7C688FDB1884C64F006B576D /* Release */,
			);
			defaultConfigurationIsVisible = 0;
			defaultConfigurationName = Release;
		};
/* End XCConfigurationList section */
	};
	rootObject = 7C688F9C1884C64F006B576D /* Project object */;
}
